Microsoft Visual Studio Solution File, Format Version 12.00
# Visual Studio 15
VisualStudioVersion = 15.0.27004.2009
MinimumVisualStudioVersion = 10.0.40219.1
Project("{2150E333-8FDC-42A3-9474-1A3956D46DE8}") = "ITOps", "ITOps", "{98143115-D3C4-41A3-8715-BA4604CBBCF5}"
EndProject
Project("{9A19103F-16F7-4668-BE54-9A1E7A4F7556}") = "ITOps.ViewModelComposition", "it-ops-shared\ITOps.ViewModelComposition\ITOps.ViewModelComposition.csproj", "{C1796DD0-C5DB-4FC9-A0A2-6EFE8D825369}"
EndProject
Project("{9A19103F-16F7-4668-BE54-9A1E7A4F7556}") = "ITOps.ViewModelComposition.Json", "it-ops-shared\ITOps.ViewModelComposition.Json\ITOps.ViewModelComposition.Json.csproj", "{C0305AD8-052C-493A-9036-44511B901A52}"
EndProject
Project("{9A19103F-16F7-4668-BE54-9A1E7A4F7556}") = "ITOps.ViewModelComposition.Mvc", "it-ops-shared\ITOps.ViewModelComposition.Mvc\ITOps.ViewModelComposition.Mvc.csproj", "{98F40364-2A2A-454F-AFC3-933D7CE2D342}"
EndProject
Project("{9A19103F-16F7-4668-BE54-9A1E7A4F7556}") = "WebApp", "WebApp\WebApp.csproj", "{D489730A-F270-40F0-8FD3-2479C744AB7F}"
EndProject
Project("{2150E333-8FDC-42A3-9474-1A3956D46DE8}") = "Sales Service", "Sales Service", "{115B91B0-8DD8-4CD0-9FE0-6906278F72FA}"
EndProject
Project("{9A19103F-16F7-4668-BE54-9A1E7A4F7556}") = "Sales.Data", "Sales.Data\Sales.Data.csproj", "{7C77B514-F1FB-4015-BE46-4D591C3D8C2F}"
EndProject
Project("{9A19103F-16F7-4668-BE54-9A1E7A4F7556}") = "Sales.Api", "Sales.Api\Sales.Api.csproj", "{4A6919C1-26FC-4D8F-9171-92EAB3F7021B}"
EndProject
Project("{2150E333-8FDC-42A3-9474-1A3956D46DE8}") = "Marketing Service", "Marketing Service", "{01496398-4A46-486C-9728-BB1BBC5A533A}"
EndProject
Project("{9A19103F-16F7-4668-BE54-9A1E7A4F7556}") = "Marketing.Data", "Marketing.Data\Marketing.Data.csproj", "{2C6BFF2E-2631-45E5-8E5C-9375830CA245}"
EndProject
Project("{9A19103F-16F7-4668-BE54-9A1E7A4F7556}") = "Marketing.Api", "Marketing.Api\Marketing.Api.csproj", "{73E773E1-8296-47A4-A395-EF26612BABEC}"
EndProject
Project("{FAE04EC0-301F-11D3-BF4B-00C04F79EFBC}") = "Marketing.ViewModelComposition", "Marketing.ViewModelComposition\Marketing.ViewModelComposition.csproj", "{84A5234A-6588-40F6-9DC5-31F8C978DA90}"
EndProject
Project("{FAE04EC0-301F-11D3-BF4B-00C04F79EFBC}") = "Marketing.ViewModelComposition.Events", "Marketing.ViewModelComposition.Events\Marketing.ViewModelComposition.Events.csproj", "{89B804B6-74C5-42CB-AF8C-783AF0191BD5}"
EndProject
Project("{FAE04EC0-301F-11D3-BF4B-00C04F79EFBC}") = "Sales.ViewModelComposition", "Sales.ViewModelComposition\Sales.ViewModelComposition.csproj", "{281FD793-3F0F-41E2-B715-320ECED160EA}"
EndProject
Project("{FAE04EC0-301F-11D3-BF4B-00C04F79EFBC}") = "NServiceBus.Shared", "NServiceBus.Shared\NServiceBus.Shared.csproj", "{83B64B64-4242-4929-AE7E-D01352293AB6}"
EndProject
Global
	GlobalSection(SolutionConfigurationPlatforms) = preSolution
		Debug|Any CPU = Debug|Any CPU
		Release|Any CPU = Release|Any CPU
	EndGlobalSection
	GlobalSection(ProjectConfigurationPlatforms) = postSolution
		{C1796DD0-C5DB-4FC9-A0A2-6EFE8D825369}.Debug|Any CPU.ActiveCfg = Debug|Any CPU
		{C1796DD0-C5DB-4FC9-A0A2-6EFE8D825369}.Debug|Any CPU.Build.0 = Debug|Any CPU
		{C1796DD0-C5DB-4FC9-A0A2-6EFE8D825369}.Release|Any CPU.ActiveCfg = Release|Any CPU
		{C1796DD0-C5DB-4FC9-A0A2-6EFE8D825369}.Release|Any CPU.Build.0 = Release|Any CPU
		{C0305AD8-052C-493A-9036-44511B901A52}.Debug|Any CPU.ActiveCfg = Debug|Any CPU
		{C0305AD8-052C-493A-9036-44511B901A52}.Debug|Any CPU.Build.0 = Debug|Any CPU
		{C0305AD8-052C-493A-9036-44511B901A52}.Release|Any CPU.ActiveCfg = Release|Any CPU
		{C0305AD8-052C-493A-9036-44511B901A52}.Release|Any CPU.Build.0 = Release|Any CPU
		{98F40364-2A2A-454F-AFC3-933D7CE2D342}.Debug|Any CPU.ActiveCfg = Debug|Any CPU
		{98F40364-2A2A-454F-AFC3-933D7CE2D342}.Debug|Any CPU.Build.0 = Debug|Any CPU
		{98F40364-2A2A-454F-AFC3-933D7CE2D342}.Release|Any CPU.ActiveCfg = Release|Any CPU
		{98F40364-2A2A-454F-AFC3-933D7CE2D342}.Release|Any CPU.Build.0 = Release|Any CPU
		{D489730A-F270-40F0-8FD3-2479C744AB7F}.Debug|Any CPU.ActiveCfg = Debug|Any CPU
		{D489730A-F270-40F0-8FD3-2479C744AB7F}.Debug|Any CPU.Build.0 = Debug|Any CPU
		{D489730A-F270-40F0-8FD3-2479C744AB7F}.Release|Any CPU.ActiveCfg = Release|Any CPU
		{D489730A-F270-40F0-8FD3-2479C744AB7F}.Release|Any CPU.Build.0 = Release|Any CPU
		{7C77B514-F1FB-4015-BE46-4D591C3D8C2F}.Debug|Any CPU.ActiveCfg = Debug|Any CPU
		{7C77B514-F1FB-4015-BE46-4D591C3D8C2F}.Debug|Any CPU.Build.0 = Debug|Any CPU
		{7C77B514-F1FB-4015-BE46-4D591C3D8C2F}.Release|Any CPU.ActiveCfg = Release|Any CPU
		{7C77B514-F1FB-4015-BE46-4D591C3D8C2F}.Release|Any CPU.Build.0 = Release|Any CPU
		{4A6919C1-26FC-4D8F-9171-92EAB3F7021B}.Debug|Any CPU.ActiveCfg = Debug|Any CPU
		{4A6919C1-26FC-4D8F-9171-92EAB3F7021B}.Debug|Any CPU.Build.0 = Debug|Any CPU
		{4A6919C1-26FC-4D8F-9171-92EAB3F7021B}.Release|Any CPU.ActiveCfg = Release|Any CPU
		{4A6919C1-26FC-4D8F-9171-92EAB3F7021B}.Release|Any CPU.Build.0 = Release|Any CPU
		{2C6BFF2E-2631-45E5-8E5C-9375830CA245}.Debug|Any CPU.ActiveCfg = Debug|Any CPU
		{2C6BFF2E-2631-45E5-8E5C-9375830CA245}.Debug|Any CPU.Build.0 = Debug|Any CPU
		{2C6BFF2E-2631-45E5-8E5C-9375830CA245}.Release|Any CPU.ActiveCfg = Release|Any CPU
		{2C6BFF2E-2631-45E5-8E5C-9375830CA245}.Release|Any CPU.Build.0 = Release|Any CPU
		{73E773E1-8296-47A4-A395-EF26612BABEC}.Debug|Any CPU.ActiveCfg = Debug|Any CPU
		{73E773E1-8296-47A4-A395-EF26612BABEC}.Debug|Any CPU.Build.0 = Debug|Any CPU
		{73E773E1-8296-47A4-A395-EF26612BABEC}.Release|Any CPU.ActiveCfg = Release|Any CPU
		{73E773E1-8296-47A4-A395-EF26612BABEC}.Release|Any CPU.Build.0 = Release|Any CPU
		{84A5234A-6588-40F6-9DC5-31F8C978DA90}.Debug|Any CPU.ActiveCfg = Debug|Any CPU
		{84A5234A-6588-40F6-9DC5-31F8C978DA90}.Debug|Any CPU.Build.0 = Debug|Any CPU
		{84A5234A-6588-40F6-9DC5-31F8C978DA90}.Release|Any CPU.ActiveCfg = Release|Any CPU
		{84A5234A-6588-40F6-9DC5-31F8C978DA90}.Release|Any CPU.Build.0 = Release|Any CPU
		{89B804B6-74C5-42CB-AF8C-783AF0191BD5}.Debug|Any CPU.ActiveCfg = Debug|Any CPU
		{89B804B6-74C5-42CB-AF8C-783AF0191BD5}.Debug|Any CPU.Build.0 = Debug|Any CPU
		{89B804B6-74C5-42CB-AF8C-783AF0191BD5}.Release|Any CPU.ActiveCfg = Release|Any CPU
		{89B804B6-74C5-42CB-AF8C-783AF0191BD5}.Release|Any CPU.Build.0 = Release|Any CPU
		{281FD793-3F0F-41E2-B715-320ECED160EA}.Debug|Any CPU.ActiveCfg = Debug|Any CPU
		{281FD793-3F0F-41E2-B715-320ECED160EA}.Debug|Any CPU.Build.0 = Debug|Any CPU
		{281FD793-3F0F-41E2-B715-320ECED160EA}.Release|Any CPU.ActiveCfg = Release|Any CPU
		{281FD793-3F0F-41E2-B715-320ECED160EA}.Release|Any CPU.Build.0 = Release|Any CPU
		{83B64B64-4242-4929-AE7E-D01352293AB6}.Debug|Any CPU.ActiveCfg = Debug|Any CPU
		{83B64B64-4242-4929-AE7E-D01352293AB6}.Debug|Any CPU.Build.0 = Debug|Any CPU
		{83B64B64-4242-4929-AE7E-D01352293AB6}.Release|Any CPU.ActiveCfg = Release|Any CPU
		{83B64B64-4242-4929-AE7E-D01352293AB6}.Release|Any CPU.Build.0 = Release|Any CPU
	EndGlobalSection
	GlobalSection(SolutionProperties) = preSolution
		HideSolutionNode = FALSE
	EndGlobalSection
	GlobalSection(NestedProjects) = preSolution
		{C1796DD0-C5DB-4FC9-A0A2-6EFE8D825369} = {98143115-D3C4-41A3-8715-BA4604CBBCF5}
		{C0305AD8-052C-493A-9036-44511B901A52} = {98143115-D3C4-41A3-8715-BA4604CBBCF5}
		{98F40364-2A2A-454F-AFC3-933D7CE2D342} = {98143115-D3C4-41A3-8715-BA4604CBBCF5}
		{7C77B514-F1FB-4015-BE46-4D591C3D8C2F} = {115B91B0-8DD8-4CD0-9FE0-6906278F72FA}
		{4A6919C1-26FC-4D8F-9171-92EAB3F7021B} = {115B91B0-8DD8-4CD0-9FE0-6906278F72FA}
		{2C6BFF2E-2631-45E5-8E5C-9375830CA245} = {01496398-4A46-486C-9728-BB1BBC5A533A}
		{73E773E1-8296-47A4-A395-EF26612BABEC} = {01496398-4A46-486C-9728-BB1BBC5A533A}
		{84A5234A-6588-40F6-9DC5-31F8C978DA90} = {01496398-4A46-486C-9728-BB1BBC5A533A}
		{89B804B6-74C5-42CB-AF8C-783AF0191BD5} = {01496398-4A46-486C-9728-BB1BBC5A533A}
		{281FD793-3F0F-41E2-B715-320ECED160EA} = {115B91B0-8DD8-4CD0-9FE0-6906278F72FA}
		{83B64B64-4242-4929-AE7E-D01352293AB6} = {98143115-D3C4-41A3-8715-BA4604CBBCF5}
	EndGlobalSection
	GlobalSection(ExtensibilityGlobals) = postSolution
		SolutionGuid = {F1E91020-9272-4261-9A94-79C9D1B91447}
	EndGlobalSection
EndGlobal
