Microsoft Visual Studio Solution File, Format Version 12.00
# Visual Studio Version 16
VisualStudioVersion = 16.0.29326.143
MinimumVisualStudioVersion = 10.0.40219.1
Project("{2150E333-8FDC-42A3-9474-1A3956D46DE8}") = "ITOps", "ITOps", "{98143115-D3C4-41A3-8715-BA4604CBBCF5}"
EndProject
Project("{9A19103F-16F7-4668-BE54-9A1E7A4F7556}") = "WebApp", "WebApp\WebApp.csproj", "{D489730A-F270-40F0-8FD3-2479C744AB7F}"
EndProject
Project("{2150E333-8FDC-42A3-9474-1A3956D46DE8}") = "Sales Service", "Sales Service", "{115B91B0-8DD8-4CD0-9FE0-6906278F72FA}"
EndProject
Project("{9A19103F-16F7-4668-BE54-9A1E7A4F7556}") = "Sales.Data", "Sales.Data\Sales.Data.csproj", "{7C77B514-F1FB-4015-BE46-4D591C3D8C2F}"
EndProject
Project("{9A19103F-16F7-4668-BE54-9A1E7A4F7556}") = "Sales.Api", "Sales.Api\Sales.Api.csproj", "{4A6919C1-26FC-4D8F-9171-92EAB3F7021B}"
EndProject
Project("{2150E333-8FDC-42A3-9474-1A3956D46DE8}") = "Marketing Service", "Marketing Service", "{01496398-4A46-486C-9728-BB1BBC5A533A}"
EndProject
Project("{9A19103F-16F7-4668-BE54-9A1E7A4F7556}") = "Marketing.Data", "Marketing.Data\Marketing.Data.csproj", "{2C6BFF2E-2631-45E5-8E5C-9375830CA245}"
EndProject
Project("{9A19103F-16F7-4668-BE54-9A1E7A4F7556}") = "Marketing.Api", "Marketing.Api\Marketing.Api.csproj", "{73E773E1-8296-47A4-A395-EF26612BABEC}"
EndProject
Project("{9A19103F-16F7-4668-BE54-9A1E7A4F7556}") = "Marketing.ViewModelComposition", "Marketing.ViewModelComposition\Marketing.ViewModelComposition.csproj", "{84A5234A-6588-40F6-9DC5-31F8C978DA90}"
EndProject
Project("{9A19103F-16F7-4668-BE54-9A1E7A4F7556}") = "Marketing.ViewModelComposition.Events", "Marketing.ViewModelComposition.Events\Marketing.ViewModelComposition.Events.csproj", "{89B804B6-74C5-42CB-AF8C-783AF0191BD5}"
EndProject
Project("{9A19103F-16F7-4668-BE54-9A1E7A4F7556}") = "Sales.ViewModelComposition", "Sales.ViewModelComposition\Sales.ViewModelComposition.csproj", "{281FD793-3F0F-41E2-B715-320ECED160EA}"
EndProject
Project("{9A19103F-16F7-4668-BE54-9A1E7A4F7556}") = "NServiceBus.Shared", "NServiceBus.Shared\NServiceBus.Shared.csproj", "{83B64B64-4242-4929-AE7E-D01352293AB6}"
EndProject
Project("{2150E333-8FDC-42A3-9474-1A3956D46DE8}") = "Warehouse Service", "Warehouse Service", "{3FB3C03E-6BF1-4A39-8EA7-3EFAB30BBB2C}"
EndProject
Project("{9A19103F-16F7-4668-BE54-9A1E7A4F7556}") = "Warehouse.Data", "Warehouse.Data\Warehouse.Data.csproj", "{FA90785C-30AD-4D2C-82B4-5B65E977ADF4}"
EndProject
Project("{9A19103F-16F7-4668-BE54-9A1E7A4F7556}") = "Warehouse.Api", "Warehouse.Api\Warehouse.Api.csproj", "{5CF29607-B471-4D9C-A616-F8D027F29291}"
EndProject
Project("{9A19103F-16F7-4668-BE54-9A1E7A4F7556}") = "Warehouse.ViewModelComposition", "Warehouse.ViewModelComposition\Warehouse.ViewModelComposition.csproj", "{5BA4BBBA-075B-4050-9378-A490F121684B}"
EndProject
Project("{2150E333-8FDC-42A3-9474-1A3956D46DE8}") = "Infrastructure", "Infrastructure", "{A795372A-2BB5-4F97-81EF-744DE5A60A05}"
EndProject
Project("{9A19103F-16F7-4668-BE54-9A1E7A4F7556}") = "ITOps.ViewModelComposition", "ITOps.ViewModelComposition\ITOps.ViewModelComposition.csproj", "{074A2029-B5EC-4109-9579-C9095DE9DF19}"
EndProject
Project("{2150E333-8FDC-42A3-9474-1A3956D46DE8}") = "Shipping Service", "Shipping Service", "{13AB1FCF-E50E-42ED-AE83-2C19D03697D4}"
EndProject
Project("{9A19103F-16F7-4668-BE54-9A1E7A4F7556}") = "Shipping.Data", "Shipping.Data\Shipping.Data.csproj", "{7B53CDCD-989A-4770-A991-350B290B1B96}"
EndProject
Project("{9A19103F-16F7-4668-BE54-9A1E7A4F7556}") = "Shipping.Api", "Shipping.Api\Shipping.Api.csproj", "{2398DB5E-F14B-4D3D-AB8A-EDC153E5B0C4}"
EndProject
Project("{9A19103F-16F7-4668-BE54-9A1E7A4F7556}") = "Shipping.ViewModelComposition", "Shipping.ViewModelComposition\Shipping.ViewModelComposition.csproj", "{26F5B17E-21E3-4A46-965D-561D2BB390E5}"
EndProject
Project("{9A19103F-16F7-4668-BE54-9A1E7A4F7556}") = "Sales.Messages", "Sales.Messages\Sales.Messages.csproj", "{4536F836-4260-4B4F-A2DF-B15262474E51}"
EndProject
Project("{9A19103F-16F7-4668-BE54-9A1E7A4F7556}") = "Sales.Messages.Events", "Sales.Messages.Events\Sales.Messages.Events.csproj", "{5637E017-4B94-4C15-8F12-A9688F59CBBB}"
EndProject
Project("{9A19103F-16F7-4668-BE54-9A1E7A4F7556}") = "Sales.Service", "Sales.Service\Sales.Service.csproj", "{B9DD72CD-D395-41E9-90F0-0408FB9386CA}"
EndProject
Project("{9A19103F-16F7-4668-BE54-9A1E7A4F7556}") = "Warehouse.Service", "Warehouse.Service\Warehouse.Service.csproj", "{DF572EE9-FEFE-4376-A5A8-D5ADF2C91BE3}"
EndProject
Project("{9A19103F-16F7-4668-BE54-9A1E7A4F7556}") = "Warehouse.Messages", "Warehouse.Messages\Warehouse.Messages.csproj", "{221380A6-EDC4-4550-AA8C-50561D61F31E}"
EndProject
Project("{9A19103F-16F7-4668-BE54-9A1E7A4F7556}") = "Shipping.Messages", "Shipping.Messages\Shipping.Messages.csproj", "{5C5EF1D4-DC96-4C74-AB1F-7ED998AD2218}"
EndProject
Project("{9A19103F-16F7-4668-BE54-9A1E7A4F7556}") = "Shipping.Service", "Shipping.Service\Shipping.Service.csproj", "{18B3823B-92BF-40FC-9F82-69FFE1D06FDA}"
EndProject
Project("{9A19103F-16F7-4668-BE54-9A1E7A4F7556}") = "Sales.ViewModelComposition.Events", "Sales.ViewModelComposition.Events\Sales.ViewModelComposition.Events.csproj", "{09C51E26-65E2-4F9B-8C58-F0609BB7C7A4}"
EndProject
Project("{9A19103F-16F7-4668-BE54-9A1E7A4F7556}") = "Marketing.Service", "Marketing.Service\Marketing.Service.csproj", "{EBD2A91F-B05F-444B-B562-22E8F2EE93D2}"
EndProject
Project("{9A19103F-16F7-4668-BE54-9A1E7A4F7556}") = "ITOps.Middlewares", "ITOps.Middlewares\ITOps.Middlewares.csproj", "{72FBC1E1-0391-4930-87DA-1826F5656065}"
EndProject
Project("{9A19103F-16F7-4668-BE54-9A1E7A4F7556}") = "JsonUtils", "JsonUtils\JsonUtils.csproj", "{EA9D77E5-9EC7-49BC-BC02-C629DFF5E8F7}"
EndProject
Project("{FAE04EC0-301F-11D3-BF4B-00C04F79EFBC}") = "Sales.ViewModelComposition.Messages", "Sales.ViewModelComposition.Messages\Sales.ViewModelComposition.Messages.csproj", "{ECD9299D-E306-4089-8481-501CD1E23AD5}"
EndProject
Global
	GlobalSection(SolutionConfigurationPlatforms) = preSolution
		Debug|Any CPU = Debug|Any CPU
		Release|Any CPU = Release|Any CPU
	EndGlobalSection
	GlobalSection(ProjectConfigurationPlatforms) = postSolution
		{D489730A-F270-40F0-8FD3-2479C744AB7F}.Debug|Any CPU.ActiveCfg = Debug|Any CPU
		{D489730A-F270-40F0-8FD3-2479C744AB7F}.Debug|Any CPU.Build.0 = Debug|Any CPU
		{D489730A-F270-40F0-8FD3-2479C744AB7F}.Release|Any CPU.ActiveCfg = Release|Any CPU
		{D489730A-F270-40F0-8FD3-2479C744AB7F}.Release|Any CPU.Build.0 = Release|Any CPU
		{7C77B514-F1FB-4015-BE46-4D591C3D8C2F}.Debug|Any CPU.ActiveCfg = Debug|Any CPU
		{7C77B514-F1FB-4015-BE46-4D591C3D8C2F}.Debug|Any CPU.Build.0 = Debug|Any CPU
		{7C77B514-F1FB-4015-BE46-4D591C3D8C2F}.Release|Any CPU.ActiveCfg = Release|Any CPU
		{7C77B514-F1FB-4015-BE46-4D591C3D8C2F}.Release|Any CPU.Build.0 = Release|Any CPU
		{4A6919C1-26FC-4D8F-9171-92EAB3F7021B}.Debug|Any CPU.ActiveCfg = Debug|Any CPU
		{4A6919C1-26FC-4D8F-9171-92EAB3F7021B}.Debug|Any CPU.Build.0 = Debug|Any CPU
		{4A6919C1-26FC-4D8F-9171-92EAB3F7021B}.Release|Any CPU.ActiveCfg = Release|Any CPU
		{4A6919C1-26FC-4D8F-9171-92EAB3F7021B}.Release|Any CPU.Build.0 = Release|Any CPU
		{2C6BFF2E-2631-45E5-8E5C-9375830CA245}.Debug|Any CPU.ActiveCfg = Debug|Any CPU
		{2C6BFF2E-2631-45E5-8E5C-9375830CA245}.Debug|Any CPU.Build.0 = Debug|Any CPU
		{2C6BFF2E-2631-45E5-8E5C-9375830CA245}.Release|Any CPU.ActiveCfg = Release|Any CPU
		{2C6BFF2E-2631-45E5-8E5C-9375830CA245}.Release|Any CPU.Build.0 = Release|Any CPU
		{73E773E1-8296-47A4-A395-EF26612BABEC}.Debug|Any CPU.ActiveCfg = Debug|Any CPU
		{73E773E1-8296-47A4-A395-EF26612BABEC}.Debug|Any CPU.Build.0 = Debug|Any CPU
		{73E773E1-8296-47A4-A395-EF26612BABEC}.Release|Any CPU.ActiveCfg = Release|Any CPU
		{73E773E1-8296-47A4-A395-EF26612BABEC}.Release|Any CPU.Build.0 = Release|Any CPU
		{84A5234A-6588-40F6-9DC5-31F8C978DA90}.Debug|Any CPU.ActiveCfg = Debug|Any CPU
		{84A5234A-6588-40F6-9DC5-31F8C978DA90}.Debug|Any CPU.Build.0 = Debug|Any CPU
		{84A5234A-6588-40F6-9DC5-31F8C978DA90}.Release|Any CPU.ActiveCfg = Release|Any CPU
		{84A5234A-6588-40F6-9DC5-31F8C978DA90}.Release|Any CPU.Build.0 = Release|Any CPU
		{89B804B6-74C5-42CB-AF8C-783AF0191BD5}.Debug|Any CPU.ActiveCfg = Debug|Any CPU
		{89B804B6-74C5-42CB-AF8C-783AF0191BD5}.Debug|Any CPU.Build.0 = Debug|Any CPU
		{89B804B6-74C5-42CB-AF8C-783AF0191BD5}.Release|Any CPU.ActiveCfg = Release|Any CPU
		{89B804B6-74C5-42CB-AF8C-783AF0191BD5}.Release|Any CPU.Build.0 = Release|Any CPU
		{281FD793-3F0F-41E2-B715-320ECED160EA}.Debug|Any CPU.ActiveCfg = Debug|Any CPU
		{281FD793-3F0F-41E2-B715-320ECED160EA}.Debug|Any CPU.Build.0 = Debug|Any CPU
		{281FD793-3F0F-41E2-B715-320ECED160EA}.Release|Any CPU.ActiveCfg = Release|Any CPU
		{281FD793-3F0F-41E2-B715-320ECED160EA}.Release|Any CPU.Build.0 = Release|Any CPU
		{83B64B64-4242-4929-AE7E-D01352293AB6}.Debug|Any CPU.ActiveCfg = Debug|Any CPU
		{83B64B64-4242-4929-AE7E-D01352293AB6}.Debug|Any CPU.Build.0 = Debug|Any CPU
		{83B64B64-4242-4929-AE7E-D01352293AB6}.Release|Any CPU.ActiveCfg = Release|Any CPU
		{83B64B64-4242-4929-AE7E-D01352293AB6}.Release|Any CPU.Build.0 = Release|Any CPU
		{FA90785C-30AD-4D2C-82B4-5B65E977ADF4}.Debug|Any CPU.ActiveCfg = Debug|Any CPU
		{FA90785C-30AD-4D2C-82B4-5B65E977ADF4}.Debug|Any CPU.Build.0 = Debug|Any CPU
		{FA90785C-30AD-4D2C-82B4-5B65E977ADF4}.Release|Any CPU.ActiveCfg = Release|Any CPU
		{FA90785C-30AD-4D2C-82B4-5B65E977ADF4}.Release|Any CPU.Build.0 = Release|Any CPU
		{5CF29607-B471-4D9C-A616-F8D027F29291}.Debug|Any CPU.ActiveCfg = Debug|Any CPU
		{5CF29607-B471-4D9C-A616-F8D027F29291}.Debug|Any CPU.Build.0 = Debug|Any CPU
		{5CF29607-B471-4D9C-A616-F8D027F29291}.Release|Any CPU.ActiveCfg = Release|Any CPU
		{5CF29607-B471-4D9C-A616-F8D027F29291}.Release|Any CPU.Build.0 = Release|Any CPU
		{5BA4BBBA-075B-4050-9378-A490F121684B}.Debug|Any CPU.ActiveCfg = Debug|Any CPU
		{5BA4BBBA-075B-4050-9378-A490F121684B}.Debug|Any CPU.Build.0 = Debug|Any CPU
		{5BA4BBBA-075B-4050-9378-A490F121684B}.Release|Any CPU.ActiveCfg = Release|Any CPU
		{5BA4BBBA-075B-4050-9378-A490F121684B}.Release|Any CPU.Build.0 = Release|Any CPU
		{074A2029-B5EC-4109-9579-C9095DE9DF19}.Debug|Any CPU.ActiveCfg = Debug|Any CPU
		{074A2029-B5EC-4109-9579-C9095DE9DF19}.Debug|Any CPU.Build.0 = Debug|Any CPU
		{074A2029-B5EC-4109-9579-C9095DE9DF19}.Release|Any CPU.ActiveCfg = Release|Any CPU
		{074A2029-B5EC-4109-9579-C9095DE9DF19}.Release|Any CPU.Build.0 = Release|Any CPU
		{7B53CDCD-989A-4770-A991-350B290B1B96}.Debug|Any CPU.ActiveCfg = Debug|Any CPU
		{7B53CDCD-989A-4770-A991-350B290B1B96}.Debug|Any CPU.Build.0 = Debug|Any CPU
		{7B53CDCD-989A-4770-A991-350B290B1B96}.Release|Any CPU.ActiveCfg = Release|Any CPU
		{7B53CDCD-989A-4770-A991-350B290B1B96}.Release|Any CPU.Build.0 = Release|Any CPU
		{2398DB5E-F14B-4D3D-AB8A-EDC153E5B0C4}.Debug|Any CPU.ActiveCfg = Debug|Any CPU
		{2398DB5E-F14B-4D3D-AB8A-EDC153E5B0C4}.Debug|Any CPU.Build.0 = Debug|Any CPU
		{2398DB5E-F14B-4D3D-AB8A-EDC153E5B0C4}.Release|Any CPU.ActiveCfg = Release|Any CPU
		{2398DB5E-F14B-4D3D-AB8A-EDC153E5B0C4}.Release|Any CPU.Build.0 = Release|Any CPU
		{26F5B17E-21E3-4A46-965D-561D2BB390E5}.Debug|Any CPU.ActiveCfg = Debug|Any CPU
		{26F5B17E-21E3-4A46-965D-561D2BB390E5}.Debug|Any CPU.Build.0 = Debug|Any CPU
		{26F5B17E-21E3-4A46-965D-561D2BB390E5}.Release|Any CPU.ActiveCfg = Release|Any CPU
		{26F5B17E-21E3-4A46-965D-561D2BB390E5}.Release|Any CPU.Build.0 = Release|Any CPU
		{4536F836-4260-4B4F-A2DF-B15262474E51}.Debug|Any CPU.ActiveCfg = Debug|Any CPU
		{4536F836-4260-4B4F-A2DF-B15262474E51}.Debug|Any CPU.Build.0 = Debug|Any CPU
		{4536F836-4260-4B4F-A2DF-B15262474E51}.Release|Any CPU.ActiveCfg = Release|Any CPU
		{4536F836-4260-4B4F-A2DF-B15262474E51}.Release|Any CPU.Build.0 = Release|Any CPU
		{5637E017-4B94-4C15-8F12-A9688F59CBBB}.Debug|Any CPU.ActiveCfg = Debug|Any CPU
		{5637E017-4B94-4C15-8F12-A9688F59CBBB}.Debug|Any CPU.Build.0 = Debug|Any CPU
		{5637E017-4B94-4C15-8F12-A9688F59CBBB}.Release|Any CPU.ActiveCfg = Release|Any CPU
		{5637E017-4B94-4C15-8F12-A9688F59CBBB}.Release|Any CPU.Build.0 = Release|Any CPU
		{B9DD72CD-D395-41E9-90F0-0408FB9386CA}.Debug|Any CPU.ActiveCfg = Debug|Any CPU
		{B9DD72CD-D395-41E9-90F0-0408FB9386CA}.Debug|Any CPU.Build.0 = Debug|Any CPU
		{B9DD72CD-D395-41E9-90F0-0408FB9386CA}.Release|Any CPU.ActiveCfg = Release|Any CPU
		{B9DD72CD-D395-41E9-90F0-0408FB9386CA}.Release|Any CPU.Build.0 = Release|Any CPU
		{DF572EE9-FEFE-4376-A5A8-D5ADF2C91BE3}.Debug|Any CPU.ActiveCfg = Debug|Any CPU
		{DF572EE9-FEFE-4376-A5A8-D5ADF2C91BE3}.Debug|Any CPU.Build.0 = Debug|Any CPU
		{DF572EE9-FEFE-4376-A5A8-D5ADF2C91BE3}.Release|Any CPU.ActiveCfg = Release|Any CPU
		{DF572EE9-FEFE-4376-A5A8-D5ADF2C91BE3}.Release|Any CPU.Build.0 = Release|Any CPU
		{221380A6-EDC4-4550-AA8C-50561D61F31E}.Debug|Any CPU.ActiveCfg = Debug|Any CPU
		{221380A6-EDC4-4550-AA8C-50561D61F31E}.Debug|Any CPU.Build.0 = Debug|Any CPU
		{221380A6-EDC4-4550-AA8C-50561D61F31E}.Release|Any CPU.ActiveCfg = Release|Any CPU
		{221380A6-EDC4-4550-AA8C-50561D61F31E}.Release|Any CPU.Build.0 = Release|Any CPU
		{5C5EF1D4-DC96-4C74-AB1F-7ED998AD2218}.Debug|Any CPU.ActiveCfg = Debug|Any CPU
		{5C5EF1D4-DC96-4C74-AB1F-7ED998AD2218}.Debug|Any CPU.Build.0 = Debug|Any CPU
		{5C5EF1D4-DC96-4C74-AB1F-7ED998AD2218}.Release|Any CPU.ActiveCfg = Release|Any CPU
		{5C5EF1D4-DC96-4C74-AB1F-7ED998AD2218}.Release|Any CPU.Build.0 = Release|Any CPU
		{18B3823B-92BF-40FC-9F82-69FFE1D06FDA}.Debug|Any CPU.ActiveCfg = Debug|Any CPU
		{18B3823B-92BF-40FC-9F82-69FFE1D06FDA}.Debug|Any CPU.Build.0 = Debug|Any CPU
		{18B3823B-92BF-40FC-9F82-69FFE1D06FDA}.Release|Any CPU.ActiveCfg = Release|Any CPU
		{18B3823B-92BF-40FC-9F82-69FFE1D06FDA}.Release|Any CPU.Build.0 = Release|Any CPU
		{09C51E26-65E2-4F9B-8C58-F0609BB7C7A4}.Debug|Any CPU.ActiveCfg = Debug|Any CPU
		{09C51E26-65E2-4F9B-8C58-F0609BB7C7A4}.Debug|Any CPU.Build.0 = Debug|Any CPU
		{09C51E26-65E2-4F9B-8C58-F0609BB7C7A4}.Release|Any CPU.ActiveCfg = Release|Any CPU
		{09C51E26-65E2-4F9B-8C58-F0609BB7C7A4}.Release|Any CPU.Build.0 = Release|Any CPU
		{EBD2A91F-B05F-444B-B562-22E8F2EE93D2}.Debug|Any CPU.ActiveCfg = Debug|Any CPU
		{EBD2A91F-B05F-444B-B562-22E8F2EE93D2}.Debug|Any CPU.Build.0 = Debug|Any CPU
		{EBD2A91F-B05F-444B-B562-22E8F2EE93D2}.Release|Any CPU.ActiveCfg = Release|Any CPU
		{EBD2A91F-B05F-444B-B562-22E8F2EE93D2}.Release|Any CPU.Build.0 = Release|Any CPU
		{72FBC1E1-0391-4930-87DA-1826F5656065}.Debug|Any CPU.ActiveCfg = Debug|Any CPU
		{72FBC1E1-0391-4930-87DA-1826F5656065}.Debug|Any CPU.Build.0 = Debug|Any CPU
		{72FBC1E1-0391-4930-87DA-1826F5656065}.Release|Any CPU.ActiveCfg = Release|Any CPU
		{72FBC1E1-0391-4930-87DA-1826F5656065}.Release|Any CPU.Build.0 = Release|Any CPU
		{EA9D77E5-9EC7-49BC-BC02-C629DFF5E8F7}.Debug|Any CPU.ActiveCfg = Debug|Any CPU
		{EA9D77E5-9EC7-49BC-BC02-C629DFF5E8F7}.Debug|Any CPU.Build.0 = Debug|Any CPU
		{EA9D77E5-9EC7-49BC-BC02-C629DFF5E8F7}.Release|Any CPU.ActiveCfg = Release|Any CPU
		{EA9D77E5-9EC7-49BC-BC02-C629DFF5E8F7}.Release|Any CPU.Build.0 = Release|Any CPU
		{ECD9299D-E306-4089-8481-501CD1E23AD5}.Debug|Any CPU.ActiveCfg = Debug|Any CPU
		{ECD9299D-E306-4089-8481-501CD1E23AD5}.Debug|Any CPU.Build.0 = Debug|Any CPU
		{ECD9299D-E306-4089-8481-501CD1E23AD5}.Release|Any CPU.ActiveCfg = Release|Any CPU
		{ECD9299D-E306-4089-8481-501CD1E23AD5}.Release|Any CPU.Build.0 = Release|Any CPU
	EndGlobalSection
	GlobalSection(SolutionProperties) = preSolution
		HideSolutionNode = FALSE
	EndGlobalSection
	GlobalSection(NestedProjects) = preSolution
		{7C77B514-F1FB-4015-BE46-4D591C3D8C2F} = {115B91B0-8DD8-4CD0-9FE0-6906278F72FA}
		{4A6919C1-26FC-4D8F-9171-92EAB3F7021B} = {115B91B0-8DD8-4CD0-9FE0-6906278F72FA}
		{2C6BFF2E-2631-45E5-8E5C-9375830CA245} = {01496398-4A46-486C-9728-BB1BBC5A533A}
		{73E773E1-8296-47A4-A395-EF26612BABEC} = {01496398-4A46-486C-9728-BB1BBC5A533A}
		{84A5234A-6588-40F6-9DC5-31F8C978DA90} = {01496398-4A46-486C-9728-BB1BBC5A533A}
		{89B804B6-74C5-42CB-AF8C-783AF0191BD5} = {01496398-4A46-486C-9728-BB1BBC5A533A}
		{281FD793-3F0F-41E2-B715-320ECED160EA} = {115B91B0-8DD8-4CD0-9FE0-6906278F72FA}
		{83B64B64-4242-4929-AE7E-D01352293AB6} = {A795372A-2BB5-4F97-81EF-744DE5A60A05}
		{FA90785C-30AD-4D2C-82B4-5B65E977ADF4} = {3FB3C03E-6BF1-4A39-8EA7-3EFAB30BBB2C}
		{5CF29607-B471-4D9C-A616-F8D027F29291} = {3FB3C03E-6BF1-4A39-8EA7-3EFAB30BBB2C}
		{5BA4BBBA-075B-4050-9378-A490F121684B} = {3FB3C03E-6BF1-4A39-8EA7-3EFAB30BBB2C}
		{074A2029-B5EC-4109-9579-C9095DE9DF19} = {98143115-D3C4-41A3-8715-BA4604CBBCF5}
		{7B53CDCD-989A-4770-A991-350B290B1B96} = {13AB1FCF-E50E-42ED-AE83-2C19D03697D4}
		{2398DB5E-F14B-4D3D-AB8A-EDC153E5B0C4} = {13AB1FCF-E50E-42ED-AE83-2C19D03697D4}
		{26F5B17E-21E3-4A46-965D-561D2BB390E5} = {13AB1FCF-E50E-42ED-AE83-2C19D03697D4}
		{4536F836-4260-4B4F-A2DF-B15262474E51} = {115B91B0-8DD8-4CD0-9FE0-6906278F72FA}
		{5637E017-4B94-4C15-8F12-A9688F59CBBB} = {115B91B0-8DD8-4CD0-9FE0-6906278F72FA}
		{B9DD72CD-D395-41E9-90F0-0408FB9386CA} = {115B91B0-8DD8-4CD0-9FE0-6906278F72FA}
		{DF572EE9-FEFE-4376-A5A8-D5ADF2C91BE3} = {3FB3C03E-6BF1-4A39-8EA7-3EFAB30BBB2C}
		{221380A6-EDC4-4550-AA8C-50561D61F31E} = {3FB3C03E-6BF1-4A39-8EA7-3EFAB30BBB2C}
		{5C5EF1D4-DC96-4C74-AB1F-7ED998AD2218} = {13AB1FCF-E50E-42ED-AE83-2C19D03697D4}
		{18B3823B-92BF-40FC-9F82-69FFE1D06FDA} = {13AB1FCF-E50E-42ED-AE83-2C19D03697D4}
		{09C51E26-65E2-4F9B-8C58-F0609BB7C7A4} = {115B91B0-8DD8-4CD0-9FE0-6906278F72FA}
		{EBD2A91F-B05F-444B-B562-22E8F2EE93D2} = {01496398-4A46-486C-9728-BB1BBC5A533A}
		{72FBC1E1-0391-4930-87DA-1826F5656065} = {A795372A-2BB5-4F97-81EF-744DE5A60A05}
		{EA9D77E5-9EC7-49BC-BC02-C629DFF5E8F7} = {A795372A-2BB5-4F97-81EF-744DE5A60A05}
		{ECD9299D-E306-4089-8481-501CD1E23AD5} = {115B91B0-8DD8-4CD0-9FE0-6906278F72FA}
	EndGlobalSection
	GlobalSection(ExtensibilityGlobals) = postSolution
		SolutionGuid = {F1E91020-9272-4261-9A94-79C9D1B91447}
	EndGlobalSection
EndGlobal
