Microsoft Visual Studio Solution File, Format Version 12.00
# Visual Studio 15
VisualStudioVersion = 15.0.27004.2009
MinimumVisualStudioVersion = 10.0.40219.1
Project("{2150E333-8FDC-42A3-9474-1A3956D46DE8}") = "ITOps", "ITOps", "{98143115-D3C4-41A3-8715-BA4604CBBCF5}"
EndProject
Project("{9A19103F-16F7-4668-BE54-9A1E7A4F7556}") = "WebApp", "WebApp\WebApp.csproj", "{D489730A-F270-40F0-8FD3-2479C744AB7F}"
EndProject
Project("{2150E333-8FDC-42A3-9474-1A3956D46DE8}") = "Sales Service", "Sales Service", "{115B91B0-8DD8-4CD0-9FE0-6906278F72FA}"
EndProject
Project("{9A19103F-16F7-4668-BE54-9A1E7A4F7556}") = "Sales.Data", "Sales.Data\Sales.Data.csproj", "{7C77B514-F1FB-4015-BE46-4D591C3D8C2F}"
EndProject
Project("{9A19103F-16F7-4668-BE54-9A1E7A4F7556}") = "Sales.Api", "Sales.Api\Sales.Api.csproj", "{4A6919C1-26FC-4D8F-9171-92EAB3F7021B}"
EndProject
Project("{2150E333-8FDC-42A3-9474-1A3956D46DE8}") = "Marketing Service", "Marketing Service", "{01496398-4A46-486C-9728-BB1BBC5A533A}"
EndProject
Project("{9A19103F-16F7-4668-BE54-9A1E7A4F7556}") = "Marketing.Data", "Marketing.Data\Marketing.Data.csproj", "{2C6BFF2E-2631-45E5-8E5C-9375830CA245}"
EndProject
Project("{9A19103F-16F7-4668-BE54-9A1E7A4F7556}") = "Marketing.Api", "Marketing.Api\Marketing.Api.csproj", "{73E773E1-8296-47A4-A395-EF26612BABEC}"
EndProject
Project("{9A19103F-16F7-4668-BE54-9A1E7A4F7556}") = "Marketing.ViewModelComposition", "Marketing.ViewModelComposition\Marketing.ViewModelComposition.csproj", "{84A5234A-6588-40F6-9DC5-31F8C978DA90}"
EndProject
Project("{9A19103F-16F7-4668-BE54-9A1E7A4F7556}") = "Marketing.ViewModelComposition.Events", "Marketing.ViewModelComposition.Events\Marketing.ViewModelComposition.Events.csproj", "{89B804B6-74C5-42CB-AF8C-783AF0191BD5}"
EndProject
Project("{9A19103F-16F7-4668-BE54-9A1E7A4F7556}") = "Sales.ViewModelComposition", "Sales.ViewModelComposition\Sales.ViewModelComposition.csproj", "{281FD793-3F0F-41E2-B715-320ECED160EA}"
EndProject
Project("{9A19103F-16F7-4668-BE54-9A1E7A4F7556}") = "NServiceBus.Shared", "NServiceBus.Shared\NServiceBus.Shared.csproj", "{83B64B64-4242-4929-AE7E-D01352293AB6}"
EndProject
Project("{2150E333-8FDC-42A3-9474-1A3956D46DE8}") = "Warehouse Service", "Warehouse Service", "{3FB3C03E-6BF1-4A39-8EA7-3EFAB30BBB2C}"
EndProject
Project("{9A19103F-16F7-4668-BE54-9A1E7A4F7556}") = "Warehouse.Data", "Warehouse.Data\Warehouse.Data.csproj", "{FA90785C-30AD-4D2C-82B4-5B65E977ADF4}"
EndProject
Project("{9A19103F-16F7-4668-BE54-9A1E7A4F7556}") = "Warehouse.Api", "Warehouse.Api\Warehouse.Api.csproj", "{5CF29607-B471-4D9C-A616-F8D027F29291}"
EndProject
Project("{9A19103F-16F7-4668-BE54-9A1E7A4F7556}") = "Warehouse.ViewModelComposition", "Warehouse.ViewModelComposition\Warehouse.ViewModelComposition.csproj", "{5BA4BBBA-075B-4050-9378-A490F121684B}"
EndProject
Project("{2150E333-8FDC-42A3-9474-1A3956D46DE8}") = "ServiceComposer", "ServiceComposer", "{241C44D9-CF14-4E28-A004-4D6B9F39EA0C}"
EndProject
Project("{9A19103F-16F7-4668-BE54-9A1E7A4F7556}") = "ServiceComposer.ViewModelComposition", "ServiceComposer\ServiceComposer.ViewModelComposition\ServiceComposer.ViewModelComposition.csproj", "{7FD9D11A-D90A-4D76-9223-5C6B30C2500F}"
EndProject
Project("{9A19103F-16F7-4668-BE54-9A1E7A4F7556}") = "ServiceComposer.ViewModelComposition.Json", "ServiceComposer\ServiceComposer.ViewModelComposition.Json\ServiceComposer.ViewModelComposition.Json.csproj", "{85F8EF23-FD2E-4EF2-B792-D045593D1EEF}"
EndProject
Project("{9A19103F-16F7-4668-BE54-9A1E7A4F7556}") = "ServiceComposer.ViewModelComposition.Mvc", "ServiceComposer\ServiceComposer.ViewModelComposition.Mvc\ServiceComposer.ViewModelComposition.Mvc.csproj", "{7DCF2C34-D7B8-4BFB-AA75-3E645CA07F3C}"
EndProject
Project("{2150E333-8FDC-42A3-9474-1A3956D46DE8}") = "Infrastructure", "Infrastructure", "{A795372A-2BB5-4F97-81EF-744DE5A60A05}"
EndProject
Project("{9A19103F-16F7-4668-BE54-9A1E7A4F7556}") = "ITOps.ViewModelComposition", "ITOps.ViewModelComposition\ITOps.ViewModelComposition.csproj", "{074A2029-B5EC-4109-9579-C9095DE9DF19}"
EndProject
Global
	GlobalSection(SolutionConfigurationPlatforms) = preSolution
		Debug|Any CPU = Debug|Any CPU
		Release|Any CPU = Release|Any CPU
	EndGlobalSection
	GlobalSection(ProjectConfigurationPlatforms) = postSolution
		{D489730A-F270-40F0-8FD3-2479C744AB7F}.Debug|Any CPU.ActiveCfg = Debug|Any CPU
		{D489730A-F270-40F0-8FD3-2479C744AB7F}.Debug|Any CPU.Build.0 = Debug|Any CPU
		{D489730A-F270-40F0-8FD3-2479C744AB7F}.Release|Any CPU.ActiveCfg = Release|Any CPU
		{D489730A-F270-40F0-8FD3-2479C744AB7F}.Release|Any CPU.Build.0 = Release|Any CPU
		{7C77B514-F1FB-4015-BE46-4D591C3D8C2F}.Debug|Any CPU.ActiveCfg = Debug|Any CPU
		{7C77B514-F1FB-4015-BE46-4D591C3D8C2F}.Debug|Any CPU.Build.0 = Debug|Any CPU
		{7C77B514-F1FB-4015-BE46-4D591C3D8C2F}.Release|Any CPU.ActiveCfg = Release|Any CPU
		{7C77B514-F1FB-4015-BE46-4D591C3D8C2F}.Release|Any CPU.Build.0 = Release|Any CPU
		{4A6919C1-26FC-4D8F-9171-92EAB3F7021B}.Debug|Any CPU.ActiveCfg = Debug|Any CPU
		{4A6919C1-26FC-4D8F-9171-92EAB3F7021B}.Debug|Any CPU.Build.0 = Debug|Any CPU
		{4A6919C1-26FC-4D8F-9171-92EAB3F7021B}.Release|Any CPU.ActiveCfg = Release|Any CPU
		{4A6919C1-26FC-4D8F-9171-92EAB3F7021B}.Release|Any CPU.Build.0 = Release|Any CPU
		{2C6BFF2E-2631-45E5-8E5C-9375830CA245}.Debug|Any CPU.ActiveCfg = Debug|Any CPU
		{2C6BFF2E-2631-45E5-8E5C-9375830CA245}.Debug|Any CPU.Build.0 = Debug|Any CPU
		{2C6BFF2E-2631-45E5-8E5C-9375830CA245}.Release|Any CPU.ActiveCfg = Release|Any CPU
		{2C6BFF2E-2631-45E5-8E5C-9375830CA245}.Release|Any CPU.Build.0 = Release|Any CPU
		{73E773E1-8296-47A4-A395-EF26612BABEC}.Debug|Any CPU.ActiveCfg = Debug|Any CPU
		{73E773E1-8296-47A4-A395-EF26612BABEC}.Debug|Any CPU.Build.0 = Debug|Any CPU
		{73E773E1-8296-47A4-A395-EF26612BABEC}.Release|Any CPU.ActiveCfg = Release|Any CPU
		{73E773E1-8296-47A4-A395-EF26612BABEC}.Release|Any CPU.Build.0 = Release|Any CPU
		{84A5234A-6588-40F6-9DC5-31F8C978DA90}.Debug|Any CPU.ActiveCfg = Debug|Any CPU
		{84A5234A-6588-40F6-9DC5-31F8C978DA90}.Debug|Any CPU.Build.0 = Debug|Any CPU
		{84A5234A-6588-40F6-9DC5-31F8C978DA90}.Release|Any CPU.ActiveCfg = Release|Any CPU
		{84A5234A-6588-40F6-9DC5-31F8C978DA90}.Release|Any CPU.Build.0 = Release|Any CPU
		{89B804B6-74C5-42CB-AF8C-783AF0191BD5}.Debug|Any CPU.ActiveCfg = Debug|Any CPU
		{89B804B6-74C5-42CB-AF8C-783AF0191BD5}.Debug|Any CPU.Build.0 = Debug|Any CPU
		{89B804B6-74C5-42CB-AF8C-783AF0191BD5}.Release|Any CPU.ActiveCfg = Release|Any CPU
		{89B804B6-74C5-42CB-AF8C-783AF0191BD5}.Release|Any CPU.Build.0 = Release|Any CPU
		{281FD793-3F0F-41E2-B715-320ECED160EA}.Debug|Any CPU.ActiveCfg = Debug|Any CPU
		{281FD793-3F0F-41E2-B715-320ECED160EA}.Debug|Any CPU.Build.0 = Debug|Any CPU
		{281FD793-3F0F-41E2-B715-320ECED160EA}.Release|Any CPU.ActiveCfg = Release|Any CPU
		{281FD793-3F0F-41E2-B715-320ECED160EA}.Release|Any CPU.Build.0 = Release|Any CPU
		{83B64B64-4242-4929-AE7E-D01352293AB6}.Debug|Any CPU.ActiveCfg = Debug|Any CPU
		{83B64B64-4242-4929-AE7E-D01352293AB6}.Debug|Any CPU.Build.0 = Debug|Any CPU
		{83B64B64-4242-4929-AE7E-D01352293AB6}.Release|Any CPU.ActiveCfg = Release|Any CPU
		{83B64B64-4242-4929-AE7E-D01352293AB6}.Release|Any CPU.Build.0 = Release|Any CPU
		{FA90785C-30AD-4D2C-82B4-5B65E977ADF4}.Debug|Any CPU.ActiveCfg = Debug|Any CPU
		{FA90785C-30AD-4D2C-82B4-5B65E977ADF4}.Debug|Any CPU.Build.0 = Debug|Any CPU
		{FA90785C-30AD-4D2C-82B4-5B65E977ADF4}.Release|Any CPU.ActiveCfg = Release|Any CPU
		{FA90785C-30AD-4D2C-82B4-5B65E977ADF4}.Release|Any CPU.Build.0 = Release|Any CPU
		{5CF29607-B471-4D9C-A616-F8D027F29291}.Debug|Any CPU.ActiveCfg = Debug|Any CPU
		{5CF29607-B471-4D9C-A616-F8D027F29291}.Debug|Any CPU.Build.0 = Debug|Any CPU
		{5CF29607-B471-4D9C-A616-F8D027F29291}.Release|Any CPU.ActiveCfg = Release|Any CPU
		{5CF29607-B471-4D9C-A616-F8D027F29291}.Release|Any CPU.Build.0 = Release|Any CPU
		{5BA4BBBA-075B-4050-9378-A490F121684B}.Debug|Any CPU.ActiveCfg = Debug|Any CPU
		{5BA4BBBA-075B-4050-9378-A490F121684B}.Debug|Any CPU.Build.0 = Debug|Any CPU
		{5BA4BBBA-075B-4050-9378-A490F121684B}.Release|Any CPU.ActiveCfg = Release|Any CPU
		{5BA4BBBA-075B-4050-9378-A490F121684B}.Release|Any CPU.Build.0 = Release|Any CPU
		{7FD9D11A-D90A-4D76-9223-5C6B30C2500F}.Debug|Any CPU.ActiveCfg = Debug|Any CPU
		{7FD9D11A-D90A-4D76-9223-5C6B30C2500F}.Debug|Any CPU.Build.0 = Debug|Any CPU
		{7FD9D11A-D90A-4D76-9223-5C6B30C2500F}.Release|Any CPU.ActiveCfg = Release|Any CPU
		{7FD9D11A-D90A-4D76-9223-5C6B30C2500F}.Release|Any CPU.Build.0 = Release|Any CPU
		{85F8EF23-FD2E-4EF2-B792-D045593D1EEF}.Debug|Any CPU.ActiveCfg = Debug|Any CPU
		{85F8EF23-FD2E-4EF2-B792-D045593D1EEF}.Debug|Any CPU.Build.0 = Debug|Any CPU
		{85F8EF23-FD2E-4EF2-B792-D045593D1EEF}.Release|Any CPU.ActiveCfg = Release|Any CPU
		{85F8EF23-FD2E-4EF2-B792-D045593D1EEF}.Release|Any CPU.Build.0 = Release|Any CPU
		{7DCF2C34-D7B8-4BFB-AA75-3E645CA07F3C}.Debug|Any CPU.ActiveCfg = Debug|Any CPU
		{7DCF2C34-D7B8-4BFB-AA75-3E645CA07F3C}.Debug|Any CPU.Build.0 = Debug|Any CPU
		{7DCF2C34-D7B8-4BFB-AA75-3E645CA07F3C}.Release|Any CPU.ActiveCfg = Release|Any CPU
		{7DCF2C34-D7B8-4BFB-AA75-3E645CA07F3C}.Release|Any CPU.Build.0 = Release|Any CPU
		{074A2029-B5EC-4109-9579-C9095DE9DF19}.Debug|Any CPU.ActiveCfg = Debug|Any CPU
		{074A2029-B5EC-4109-9579-C9095DE9DF19}.Debug|Any CPU.Build.0 = Debug|Any CPU
		{074A2029-B5EC-4109-9579-C9095DE9DF19}.Release|Any CPU.ActiveCfg = Release|Any CPU
		{074A2029-B5EC-4109-9579-C9095DE9DF19}.Release|Any CPU.Build.0 = Release|Any CPU
	EndGlobalSection
	GlobalSection(SolutionProperties) = preSolution
		HideSolutionNode = FALSE
	EndGlobalSection
	GlobalSection(NestedProjects) = preSolution
		{7C77B514-F1FB-4015-BE46-4D591C3D8C2F} = {115B91B0-8DD8-4CD0-9FE0-6906278F72FA}
		{4A6919C1-26FC-4D8F-9171-92EAB3F7021B} = {115B91B0-8DD8-4CD0-9FE0-6906278F72FA}
		{2C6BFF2E-2631-45E5-8E5C-9375830CA245} = {01496398-4A46-486C-9728-BB1BBC5A533A}
		{73E773E1-8296-47A4-A395-EF26612BABEC} = {01496398-4A46-486C-9728-BB1BBC5A533A}
		{84A5234A-6588-40F6-9DC5-31F8C978DA90} = {01496398-4A46-486C-9728-BB1BBC5A533A}
		{89B804B6-74C5-42CB-AF8C-783AF0191BD5} = {01496398-4A46-486C-9728-BB1BBC5A533A}
		{281FD793-3F0F-41E2-B715-320ECED160EA} = {115B91B0-8DD8-4CD0-9FE0-6906278F72FA}
		{83B64B64-4242-4929-AE7E-D01352293AB6} = {A795372A-2BB5-4F97-81EF-744DE5A60A05}
		{FA90785C-30AD-4D2C-82B4-5B65E977ADF4} = {3FB3C03E-6BF1-4A39-8EA7-3EFAB30BBB2C}
		{5CF29607-B471-4D9C-A616-F8D027F29291} = {3FB3C03E-6BF1-4A39-8EA7-3EFAB30BBB2C}
		{5BA4BBBA-075B-4050-9378-A490F121684B} = {3FB3C03E-6BF1-4A39-8EA7-3EFAB30BBB2C}
		{241C44D9-CF14-4E28-A004-4D6B9F39EA0C} = {A795372A-2BB5-4F97-81EF-744DE5A60A05}
		{7FD9D11A-D90A-4D76-9223-5C6B30C2500F} = {241C44D9-CF14-4E28-A004-4D6B9F39EA0C}
		{85F8EF23-FD2E-4EF2-B792-D045593D1EEF} = {241C44D9-CF14-4E28-A004-4D6B9F39EA0C}
		{7DCF2C34-D7B8-4BFB-AA75-3E645CA07F3C} = {241C44D9-CF14-4E28-A004-4D6B9F39EA0C}
		{074A2029-B5EC-4109-9579-C9095DE9DF19} = {98143115-D3C4-41A3-8715-BA4604CBBCF5}
	EndGlobalSection
	GlobalSection(ExtensibilityGlobals) = postSolution
		SolutionGuid = {F1E91020-9272-4261-9A94-79C9D1B91447}
	EndGlobalSection
EndGlobal
